// !$*UTF8*$!
{
	archiveVersion = 1;
	classes = {
	};
	objectVersion = 46;
	objects = {

/* Begin PBXBuildFile section */
		3FB9CDCA1E150DC00090B416 /* AppDelegate.swift in Sources */ = {isa = PBXBuildFile; fileRef = 3FB9CDC91E150DC00090B416 /* AppDelegate.swift */; };
		3FB9CDCC1E150DC00090B416 /* ViewController.swift in Sources */ = {isa = PBXBuildFile; fileRef = 3FB9CDCB1E150DC00090B416 /* ViewController.swift */; };
		3FB9CDCF1E150DC00090B416 /* Main.storyboard in Resources */ = {isa = PBXBuildFile; fileRef = 3FB9CDCD1E150DC00090B416 /* Main.storyboard */; };
		3FB9CDD11E150DC00090B416 /* Assets.xcassets in Resources */ = {isa = PBXBuildFile; fileRef = 3FB9CDD01E150DC00090B416 /* Assets.xcassets */; };
		3FB9CDD41E150DC00090B416 /* LaunchScreen.storyboard in Resources */ = {isa = PBXBuildFile; fileRef = 3FB9CDD21E150DC00090B416 /* LaunchScreen.storyboard */; };
/* End PBXBuildFile section */

/* Begin PBXFileReference section */
		3FB9CDC61E150DC00090B416 /* DashboardBySwift.app */ = {isa = PBXFileReference; explicitFileType = wrapper.application; includeInIndex = 0; path = DashboardBySwift.app; sourceTree = BUILT_PRODUCTS_DIR; };
		3FB9CDC91E150DC00090B416 /* AppDelegate.swift */ = {isa = PBXFileReference; lastKnownFileType = sourcecode.swift; path = AppDelegate.swift; sourceTree = "<group>"; };
		3FB9CDCB1E150DC00090B416 /* ViewController.swift */ = {isa = PBXFileReference; lastKnownFileType = sourcecode.swift; path = ViewController.swift; sourceTree = "<group>"; };
		3FB9CDCE1E150DC00090B416 /* Base */ = {isa = PBXFileReference; lastKnownFileType = file.storyboard; name = Base; path = Base.lproj/Main.storyboard; sourceTree = "<group>"; };
		3FB9CDD01E150DC00090B416 /* Assets.xcassets */ = {isa = PBXFileReference; lastKnownFileType = folder.assetcatalog; path = Assets.xcassets; sourceTree = "<group>"; };
		3FB9CDD31E150DC00090B416 /* Base */ = {isa = PBXFileReference; lastKnownFileType = file.storyboard; name = Base; path = Base.lproj/LaunchScreen.storyboard; sourceTree = "<group>"; };
		3FB9CDD51E150DC00090B416 /* Info.plist */ = {isa = PBXFileReference; lastKnownFileType = text.plist.xml; path = Info.plist; sourceTree = "<group>"; };
/* End PBXFileReference section */

/* Begin PBXFrameworksBuildPhase section */
		3FB9CDC31E150DC00090B416 /* Frameworks */ = {
			isa = PBXFrameworksBuildPhase;
			buildActionMask = 2147483647;
			files = (
			);
			runOnlyForDeploymentPostprocessing = 0;
		};
/* End PBXFrameworksBuildPhase section */

/* Begin PBXGroup section */
		3FB9CDBD1E150DBF0090B416 = {
			isa = PBXGroup;
			children = (
				3FB9CDC81E150DC00090B416 /* DashboardBySwift */,
				3FB9CDC71E150DC00090B416 /* Products */,
			);
			sourceTree = "<group>";
		};
		3FB9CDC71E150DC00090B416 /* Products */ = {
			isa = PBXGroup;
			children = (
				3FB9CDC61E150DC00090B416 /* DashboardBySwift.app */,
			);
			name = Products;
			sourceTree = "<group>";
		};
		3FB9CDC81E150DC00090B416 /* DashboardBySwift */ = {
			isa = PBXGroup;
			children = (
				3FB9CDC91E150DC00090B416 /* AppDelegate.swift */,
				3FB9CDCB1E150DC00090B416 /* ViewController.swift */,
				3FB9CDCD1E150DC00090B416 /* Main.storyboard */,
				3FB9CDD01E150DC00090B416 /* Assets.xcassets */,
				3FB9CDD21E150DC00090B416 /* LaunchScreen.storyboard */,
				3FB9CDD51E150DC00090B416 /* Info.plist */,
			);
			path = DashboardBySwift;
			sourceTree = "<group>";
		};
/* End PBXGroup section */

/* Begin PBXNativeTarget section */
		3FB9CDC51E150DC00090B416 /* DashboardBySwift */ = {
			isa = PBXNativeTarget;
			buildConfigurationList = 3FB9CDD81E150DC00090B416 /* Build configuration list for PBXNativeTarget "DashboardBySwift" */;
			buildPhases = (
				3FB9CDC21E150DC00090B416 /* Sources */,
				3FB9CDC31E150DC00090B416 /* Frameworks */,
				3FB9CDC41E150DC00090B416 /* Resources */,
			);
			buildRules = (
			);
			dependencies = (
			);
			name = DashboardBySwift;
			productName = DashboardBySwift;
			productReference = 3FB9CDC61E150DC00090B416 /* DashboardBySwift.app */;
			productType = "com.apple.product-type.application";
		};
/* End PBXNativeTarget section */

/* Begin PBXProject section */
		3FB9CDBE1E150DBF0090B416 /* Project object */ = {
			isa = PBXProject;
			attributes = {
				LastSwiftUpdateCheck = 0820;
				LastUpgradeCheck = 0820;
				ORGANIZATIONNAME = com.ubestchoice;
				TargetAttributes = {
					3FB9CDC51E150DC00090B416 = {
						CreatedOnToolsVersion = 8.2.1;
						ProvisioningStyle = Automatic;
					};
				};
			};
			buildConfigurationList = 3FB9CDC11E150DBF0090B416 /* Build configuration list for PBXProject "DashboardBySwift" */;
			compatibilityVersion = "Xcode 3.2";
			developmentRegion = English;
			hasScannedForEncodings = 0;
			knownRegions = (
				en,
				Base,
			);
			mainGroup = 3FB9CDBD1E150DBF0090B416;
			productRefGroup = 3FB9CDC71E150DC00090B416 /* Products */;
			projectDirPath = "";
			projectRoot = "";
			targets = (
				3FB9CDC51E150DC00090B416 /* DashboardBySwift */,
			);
		};
/* End PBXProject section */

/* Begin PBXResourcesBuildPhase section */
		3FB9CDC41E150DC00090B416 /* Resources */ = {
			isa = PBXResourcesBuildPhase;
			buildActionMask = 2147483647;
			files = (
				3FB9CDD41E150DC00090B416 /* LaunchScreen.storyboard in Resources */,
				3FB9CDD11E150DC00090B416 /* Assets.xcassets in Resources */,
				3FB9CDCF1E150DC00090B416 /* Main.storyboard in Resources */,
			);
			runOnlyForDeploymentPostprocessing = 0;
		};
/* End PBXResourcesBuildPhase section */

/* Begin PBXSourcesBuildPhase section */
		3FB9CDC21E150DC00090B416 /* Sources */ = {
			isa = PBXSourcesBuildPhase;
			buildActionMask = 2147483647;
			files = (
				3FB9CDCC1E150DC00090B416 /* ViewController.swift in Sources */,
				3FB9CDCA1E150DC00090B416 /* AppDelegate.swift in Sources */,
			);
			runOnlyForDeploymentPostprocessing = 0;
		};
/* End PBXSourcesBuildPhase section */

/* Begin PBXVariantGroup section */
		3FB9CDCD1E150DC00090B416 /* Main.storyboard */ = {
			isa = PBXVariantGroup;
			children = (
				3FB9CDCE1E150DC00090B416 /* Base */,
			);
			name = Main.storyboard;
			sourceTree = "<group>";
		};
		3FB9CDD21E150DC00090B416 /* LaunchScreen.storyboard */ = {
			isa = PBXVariantGroup;
			children = (
				3FB9CDD31E150DC00090B416 /* Base */,
			);
			name = LaunchScreen.storyboard;
			sourceTree = "<group>";
		};
/* End PBXVariantGroup section */

/* Begin XCBuildConfiguration section */
		3FB9CDD61E150DC00090B416 /* Debug */ = {
			isa = XCBuildConfiguration;
			buildSettings = {
				ALWAYS_SEARCH_USER_PATHS = NO;
				CLANG_ANALYZER_NONNULL = YES;
				CLANG_CXX_LANGUAGE_STANDARD = "gnu++0x";
				CLANG_CXX_LIBRARY = "libc++";
				CLANG_ENABLE_MODULES = YES;
				CLANG_ENABLE_OBJC_ARC = YES;
				CLANG_WARN_BOOL_CONVERSION = YES;
				CLANG_WARN_CONSTANT_CONVERSION = YES;
				CLANG_WARN_DIRECT_OBJC_ISA_USAGE = YES_ERROR;
				CLANG_WARN_DOCUMENTATION_COMMENTS = YES;
				CLANG_WARN_EMPTY_BODY = YES;
				CLANG_WARN_ENUM_CONVERSION = YES;
				CLANG_WARN_INFINITE_RECURSION = YES;
				CLANG_WARN_INT_CONVERSION = YES;
				CLANG_WARN_OBJC_ROOT_CLASS = YES_ERROR;
				CLANG_WARN_SUSPICIOUS_MOVE = YES;
				CLANG_WARN_UNREACHABLE_CODE = YES;
				CLANG_WARN__DUPLICATE_METHOD_MATCH = YES;
				"CODE_SIGN_IDENTITY[sdk=iphoneos*]" = "iPhone Developer";
				COPY_PHASE_STRIP = NO;
				DEBUG_INFORMATION_FORMAT = dwarf;
				ENABLE_STRICT_OBJC_MSGSEND = YES;
				ENABLE_TESTABILITY = YES;
				GCC_C_LANGUAGE_STANDARD = gnu99;
				GCC_DYNAMIC_NO_PIC = NO;
				GCC_NO_COMMON_BLOCKS = YES;
				GCC_OPTIMIZATION_LEVEL = 0;
				GCC_PREPROCESSOR_DEFINITIONS = (
					"DEBUG=1",
					"$(inherited)",
				);
				GCC_WARN_64_TO_32_BIT_CONVERSION = YES;
				GCC_WARN_ABOUT_RETURN_TYPE = YES_ERROR;
				GCC_WARN_UNDECLARED_SELECTOR = YES;
				GCC_WARN_UNINITIALIZED_AUTOS = YES_AGGRESSIVE;
				GCC_WARN_UNUSED_FUNCTION = YES;
				GCC_WARN_UNUSED_VARIABLE = YES;
				IPHONEOS_DEPLOYMENT_TARGET = 10.2;
				MTL_ENABLE_DEBUG_INFO = YES;
				ONLY_ACTIVE_ARCH = YES;
				SDKROOT = iphoneos;
				SWIFT_ACTIVE_COMPILATION_CONDITIONS = DEBUG;
				SWIFT_OPTIMIZATION_LEVEL = "-Onone";
				TARGETED_DEVICE_FAMILY = "1,2";
			};
			name = Debug;
		};
		3FB9CDD71E150DC00090B416 /* Release */ = {
			isa = XCBuildConfiguration;
			buildSettings = {
				ALWAYS_SEARCH_USER_PATHS = NO;
				CLANG_ANALYZER_NONNULL = YES;
				CLANG_CXX_LANGUAGE_STANDARD = "gnu++0x";
				CLANG_CXX_LIBRARY = "libc++";
				CLANG_ENABLE_MODULES = YES;
				CLANG_ENABLE_OBJC_ARC = YES;
				CLANG_WARN_BOOL_CONVERSION = YES;
				CLANG_WARN_CONSTANT_CONVERSION = YES;
				CLANG_WARN_DIRECT_OBJC_ISA_USAGE = YES_ERROR;
				CLANG_WARN_DOCUMENTATION_COMMENTS = YES;
				CLANG_WARN_EMPTY_BODY = YES;
				CLANG_WARN_ENUM_CONVERSION = YES;
				CLANG_WARN_INFINITE_RECURSION = YES;
				CLANG_WARN_INT_CONVERSION = YES;
				CLANG_WARN_OBJC_ROOT_CLASS = YES_ERROR;
				CLANG_WARN_SUSPICIOUS_MOVE = YES;
				CLANG_WARN_UNREACHABLE_CODE = YES;
				CLANG_WARN__DUPLICATE_METHOD_MATCH = YES;
				"CODE_SIGN_IDENTITY[sdk=iphoneos*]" = "iPhone Developer";
				COPY_PHASE_STRIP = NO;
				DEBUG_INFORMATION_FORMAT = "dwarf-with-dsym";
				ENABLE_NS_ASSERTIONS = NO;
				ENABLE_STRICT_OBJC_MSGSEND = YES;
				GCC_C_LANGUAGE_STANDARD = gnu99;
				GCC_NO_COMMON_BLOCKS = YES;
				GCC_WARN_64_TO_32_BIT_CONVERSION = YES;
				GCC_WARN_ABOUT_RETURN_TYPE = YES_ERROR;
				GCC_WARN_UNDECLARED_SELECTOR = YES;
				GCC_WARN_UNINITIALIZED_AUTOS = YES_AGGRESSIVE;
				GCC_WARN_UNUSED_FUNCTION = YES;
				GCC_WARN_UNUSED_VARIABLE = YES;
				IPHONEOS_DEPLOYMENT_TARGET = 10.2;
				MTL_ENABLE_DEBUG_INFO = NO;
				SDKROOT = iphoneos;
				SWIFT_OPTIMIZATION_LEVEL = "-Owholemodule";
				TARGETED_DEVICE_FAMILY = "1,2";
				VALIDATE_PRODUCT = YES;
			};
			name = Release;
		};
		3FB9CDD91E150DC00090B416 /* Debug */ = {
			isa = XCBuildConfiguration;
			buildSettings = {
				ASSETCATALOG_COMPILER_APPICON_NAME = AppIcon;
				INFOPLIST_FILE = DashboardBySwift/Info.plist;
				IPHONEOS_DEPLOYMENT_TARGET = 10.0;
				LD_RUNPATH_SEARCH_PATHS = "$(inherited) @executable_path/Frameworks";
				PRODUCT_BUNDLE_IDENTIFIER = com.ubestchoice.DashboardBySwift;
				PRODUCT_NAME = "$(TARGET_NAME)";
				SWIFT_VERSION = 3.0;
				TARGETED_DEVICE_FAMILY = 1;
			};
			name = Debug;
		};
		3FB9CDDA1E150DC00090B416 /* Release */ = {
			isa = XCBuildConfiguration;
			buildSettings = {
				ASSETCATALOG_COMPILER_APPICON_NAME = AppIcon;
				INFOPLIST_FILE = DashboardBySwift/Info.plist;
				IPHONEOS_DEPLOYMENT_TARGET = 10.0;
				LD_RUNPATH_SEARCH_PATHS = "$(inherited) @executable_path/Frameworks";
				PRODUCT_BUNDLE_IDENTIFIER = com.ubestchoice.DashboardBySwift;
				PRODUCT_NAME = "$(TARGET_NAME)";
				SWIFT_VERSION = 3.0;
				TARGETED_DEVICE_FAMILY = 1;
			};
			name = Release;
		};
/* End XCBuildConfiguration section */

/* Begin XCConfigurationList section */
		3FB9CDC11E150DBF0090B416 /* Build configuration list for PBXProject "DashboardBySwift" */ = {
			isa = XCConfigurationList;
			buildConfigurations = (
				3FB9CDD61E150DC00090B416 /* Debug */,
				3FB9CDD71E150DC00090B416 /* Release */,
			);
			defaultConfigurationIsVisible = 0;
			defaultConfigurationName = Release;
		};
		3FB9CDD81E150DC00090B416 /* Build configuration list for PBXNativeTarget "DashboardBySwift" */ = {
			isa = XCConfigurationList;
			buildConfigurations = (
				3FB9CDD91E150DC00090B416 /* Debug */,
				3FB9CDDA1E150DC00090B416 /* Release */,
			);
			defaultConfigurationIsVisible = 0;
			defaultConfigurationName = Release;
		};
/* End XCConfigurationList section */
	};
	rootObject = 3FB9CDBE1E150DBF0090B416 /* Project object */;
}
